
Microsoft Visual Studio Solution File, Format Version 12.00
# Visual Studio Version 16
VisualStudioVersion = 16.0.32407.337
MinimumVisualStudioVersion = 10.0.40219.1
Project("{FAE04EC0-301F-11D3-BF4B-00C04F79EFBC}") = "ProjectChubb", "ProjectChubb\ProjectChubb.csproj", "{54B2BBF0-5500-4348-81F0-A86B2F35B683}"
EndProject
Global
	GlobalSection(SolutionConfigurationPlatforms) = preSolution
		Debug|Any CPU = Debug|Any CPU
		Release|Any CPU = Release|Any CPU
	EndGlobalSection
	GlobalSection(ProjectConfigurationPlatforms) = postSolution
		{54B2BBF0-5500-4348-81F0-A86B2F35B683}.Debug|Any CPU.ActiveCfg = Debug|Any CPU
		{54B2BBF0-5500-4348-81F0-A86B2F35B683}.Debug|Any CPU.Build.0 = Debug|Any CPU
		{54B2BBF0-5500-4348-81F0-A86B2F35B683}.Release|Any CPU.ActiveCfg = Release|Any CPU
		{54B2BBF0-5500-4348-81F0-A86B2F35B683}.Release|Any CPU.Build.0 = Release|Any CPU
	EndGlobalSection
	GlobalSection(SolutionProperties) = preSolution
		HideSolutionNode = FALSE
	EndGlobalSection
	GlobalSection(ExtensibilityGlobals) = postSolution
		SolutionGuid = {93E0863B-B62E-40AF-A0D3-B958636A1A42}
	EndGlobalSection
EndGlobal
